
Microsoft Visual Studio Solution File, Format Version 12.00
# Visual Studio 15
VisualStudioVersion = 15.0.26124.0
MinimumVisualStudioVersion = 15.0.26124.0
Project("{FAE04EC0-301F-11D3-BF4B-00C04F79EFBC}") = "UltimateTicTacToe", "UltimateTicTacToe\UltimateTicTacToe.csproj", "{728B1009-B885-4D3B-851A-C40AAA9AD5A9}"
EndProject
Project("{FAE04EC0-301F-11D3-BF4B-00C04F79EFBC}") = "UltimateTicTacToe.Tests", "UltimateTicTacToe.Tests\UltimateTicTacToe.Tests.csproj", "{398DB576-2257-4E0C-820F-003228576BE5}"
EndProject
Global
	GlobalSection(SolutionConfigurationPlatforms) = preSolution
		Debug|Any CPU = Debug|Any CPU
		Debug|x64 = Debug|x64
		Debug|x86 = Debug|x86
		Release|Any CPU = Release|Any CPU
		Release|x64 = Release|x64
		Release|x86 = Release|x86
	EndGlobalSection
	GlobalSection(SolutionProperties) = preSolution
		HideSolutionNode = FALSE
	EndGlobalSection
	GlobalSection(ProjectConfigurationPlatforms) = postSolution
		{728B1009-B885-4D3B-851A-C40AAA9AD5A9}.Debug|Any CPU.ActiveCfg = Debug|Any CPU
		{728B1009-B885-4D3B-851A-C40AAA9AD5A9}.Debug|Any CPU.Build.0 = Debug|Any CPU
		{728B1009-B885-4D3B-851A-C40AAA9AD5A9}.Debug|x64.ActiveCfg = Debug|Any CPU
		{728B1009-B885-4D3B-851A-C40AAA9AD5A9}.Debug|x64.Build.0 = Debug|Any CPU
		{728B1009-B885-4D3B-851A-C40AAA9AD5A9}.Debug|x86.ActiveCfg = Debug|Any CPU
		{728B1009-B885-4D3B-851A-C40AAA9AD5A9}.Debug|x86.Build.0 = Debug|Any CPU
		{728B1009-B885-4D3B-851A-C40AAA9AD5A9}.Release|Any CPU.ActiveCfg = Release|Any CPU
		{728B1009-B885-4D3B-851A-C40AAA9AD5A9}.Release|Any CPU.Build.0 = Release|Any CPU
		{728B1009-B885-4D3B-851A-C40AAA9AD5A9}.Release|x64.ActiveCfg = Release|Any CPU
		{728B1009-B885-4D3B-851A-C40AAA9AD5A9}.Release|x64.Build.0 = Release|Any CPU
		{728B1009-B885-4D3B-851A-C40AAA9AD5A9}.Release|x86.ActiveCfg = Release|Any CPU
		{728B1009-B885-4D3B-851A-C40AAA9AD5A9}.Release|x86.Build.0 = Release|Any CPU
		{398DB576-2257-4E0C-820F-003228576BE5}.Debug|Any CPU.ActiveCfg = Debug|Any CPU
		{398DB576-2257-4E0C-820F-003228576BE5}.Debug|Any CPU.Build.0 = Debug|Any CPU
		{398DB576-2257-4E0C-820F-003228576BE5}.Debug|x64.ActiveCfg = Debug|Any CPU
		{398DB576-2257-4E0C-820F-003228576BE5}.Debug|x64.Build.0 = Debug|Any CPU
		{398DB576-2257-4E0C-820F-003228576BE5}.Debug|x86.ActiveCfg = Debug|Any CPU
		{398DB576-2257-4E0C-820F-003228576BE5}.Debug|x86.Build.0 = Debug|Any CPU
		{398DB576-2257-4E0C-820F-003228576BE5}.Release|Any CPU.ActiveCfg = Release|Any CPU
		{398DB576-2257-4E0C-820F-003228576BE5}.Release|Any CPU.Build.0 = Release|Any CPU
		{398DB576-2257-4E0C-820F-003228576BE5}.Release|x64.ActiveCfg = Release|Any CPU
		{398DB576-2257-4E0C-820F-003228576BE5}.Release|x64.Build.0 = Release|Any CPU
		{398DB576-2257-4E0C-820F-003228576BE5}.Release|x86.ActiveCfg = Release|Any CPU
		{398DB576-2257-4E0C-820F-003228576BE5}.Release|x86.Build.0 = Release|Any CPU
	EndGlobalSection
EndGlobal
